
Microsoft Visual Studio Solution File, Format Version 12.00
# Visual Studio Version 16
VisualStudioVersion = 16.0.31911.196
MinimumVisualStudioVersion = 10.0.40219.1
Project("{FAE04EC0-301F-11D3-BF4B-00C04F79EFBC}") = "All", "All\All.csproj", "{91CEBA5F-FABA-4D81-878F-822DC4F40756}"
EndProject
Global
	GlobalSection(SolutionConfigurationPlatforms) = preSolution
		Debug|Any CPU = Debug|Any CPU
		Release|Any CPU = Release|Any CPU
	EndGlobalSection
	GlobalSection(ProjectConfigurationPlatforms) = postSolution
		{91CEBA5F-FABA-4D81-878F-822DC4F40756}.Debug|Any CPU.ActiveCfg = Debug|Any CPU
		{91CEBA5F-FABA-4D81-878F-822DC4F40756}.Debug|Any CPU.Build.0 = Debug|Any CPU
		{91CEBA5F-FABA-4D81-878F-822DC4F40756}.Release|Any CPU.ActiveCfg = Release|Any CPU
		{91CEBA5F-FABA-4D81-878F-822DC4F40756}.Release|Any CPU.Build.0 = Release|Any CPU
	EndGlobalSection
	GlobalSection(SolutionProperties) = preSolution
		HideSolutionNode = FALSE
	EndGlobalSection
	GlobalSection(ExtensibilityGlobals) = postSolution
		SolutionGuid = {08C0B440-07BD-442E-A53F-8B8BDD701E02}
	EndGlobalSection
EndGlobal
